PODS:
  - AEXML (4.2.2)
  - Alamofire (4.7.0)
  - AlamofireNetworkActivityIndicator (2.2.1):
    - Alamofire (~> 4.7)
  - Eureka (4.1.1)
  - FTLinearActivityIndicator (1.0.4)
  - KeychainAccess (3.1.1)
  - OAuthSwift (1.2.0)
  - OAuthSwiftAlamofire (0.2.0):
    - Alamofire
    - OAuthSwift
  - OSMSwift (0.1.0):
    - AEXML (~> 4.2.2)
    - Alamofire (~> 4.7.0)
    - KeychainAccess (~> 3.1.0)
    - OAuthSwift (~> 1.2.0)
    - OAuthSwiftAlamofire (~> 0.2.0)
    - SwiftOverpass
  - Presentr (1.3.2)
  - SDWebImage (4.3.3):
    - SDWebImage/Core (= 4.3.3)
  - SDWebImage/Core (4.3.3)
  - SQLite.swift (0.11.4):
    - SQLite.swift/standard (= 0.11.4)
  - SQLite.swift/standard (0.11.4)
  - SwiftFormat/CLI (0.33.5)
  - SwiftIcons (2.0.1)
  - SwiftLocation (3.2.1):
    - SwiftyJSON (~> 4.0.0-alpha.1)
  - SwiftOverpass (1.0.3):
    - AEXML (~> 4.2.2)
    - Alamofire (~> 4.5)
  - SwiftyJSON (4.0.0)

DEPENDENCIES:
  - AEXML (~> 4.2.2)
  - Alamofire (~> 4.7.0)
  - AlamofireNetworkActivityIndicator (~> 2.2)
  - Eureka (~> 4.1.1)
  - FTLinearActivityIndicator
  - KeychainAccess (~> 3.1.0)
  - OAuthSwift (~> 1.2.0)
  - OSMSwift (from `./OSMSwift`)
  - Presentr (~> 1.3.2)
  - SDWebImage (~> 4.0)
  - SQLite.swift (~> 0.11.4)
  - SwiftFormat/CLI (~> 0.33.5)
  - SwiftIcons (~> 2.0.1)
  - SwiftLocation (~> 3.2.1)
  - "SwiftOverpass (from `git@github.com:wtimme/SwiftOverpassWrapper.git`, branch `refactoring/Improve-OpenStreetMap-elements`)"

SPEC REPOS:
  https://github.com/cocoapods/specs.git:
    - AEXML
    - Alamofire
    - AlamofireNetworkActivityIndicator
    - Eureka
    - FTLinearActivityIndicator
    - KeychainAccess
    - OAuthSwift
    - OAuthSwiftAlamofire
    - Presentr
    - SDWebImage
    - SQLite.swift
    - SwiftFormat
    - SwiftIcons
    - SwiftLocation
    - SwiftyJSON

EXTERNAL SOURCES:
  OSMSwift:
    :path: "./OSMSwift"
  SwiftOverpass:
    :branch: refactoring/Improve-OpenStreetMap-elements
    :git: "git@github.com:wtimme/SwiftOverpassWrapper.git"

CHECKOUT OPTIONS:
  SwiftOverpass:
    :commit: c9491972327636abdd8b0c17d6da3cd8e1b725e8
    :git: "git@github.com:wtimme/SwiftOverpassWrapper.git"

SPEC CHECKSUMS:
  AEXML: 5ebafc1b75e0bcf0f1b09b8ca8fed2d5a199479b
  Alamofire: 907e0a98eb68cdb7f9d1f541a563d6ac5dc77b25
  AlamofireNetworkActivityIndicator: aeac50e6ecb78ec71a5f1f29098bcf4ec2962910
  Eureka: b88fb930e42c79f8c03c373d0fcdc28c1d6c50ed
  FTLinearActivityIndicator: 0c4ff2067cd67d88fd932ec214da90083ea7148e
  KeychainAccess: 7bd430028059754a3debab3cfc0bd1fc7fb85df3
  OAuthSwift: 7fd6855b8e4d58eb5a30d156ea9bed7a8aecd1ca
  OAuthSwiftAlamofire: e51f11ff579dd4293bfe2a1a24c658caad4dac35
  OSMSwift: f239d1fcb3956bcf738996baf36ce7da9fb7c1c7
  Presentr: 797ae6ec8904eaba4ec58a4c2065bd66e31569ea
  SDWebImage: de4d90b5bff3571eae7bd16202b1f43135409fa5
  SQLite.swift: 3e3bee21da701b5b9f87c4a672cb54f233505692
  SwiftFormat: 13fd81206cf4453c19f1a5c51768c8c0d9165c30
  SwiftIcons: e475a56ae2c2da40672dbf16061ca5dd5cee7dbb
  SwiftLocation: 603153e718a5b4a1e1f114346c2d5e13c16b69da
  SwiftOverpass: c51be67304756a15c13629b2d9eee0df05c97ce3
  SwiftyJSON: 070dabdcb1beb81b247c65ffa3a79dbbfb3b48aa

PODFILE CHECKSUM: 20eaaada96eb140e62420d28a47ae17d99aecf2d

COCOAPODS: 1.5.3
