// !$*UTF8*$!
{
	archiveVersion = 1;
	classes = {
	};
	objectVersion = 48;
	objects = {

/* Begin PBXBuildFile section */
		646FC52D20753241008E0EDB /* AppDelegate.swift in Sources */ = {isa = PBXBuildFile; fileRef = 646FC52C20753241008E0EDB /* AppDelegate.swift */; };
		646FC53220753241008E0EDB /* Main.storyboard in Resources */ = {isa = PBXBuildFile; fileRef = 646FC53020753241008E0EDB /* Main.storyboard */; };
		646FC53420753241008E0EDB /* Assets.xcassets in Resources */ = {isa = PBXBuildFile; fileRef = 646FC53320753241008E0EDB /* Assets.xcassets */; };
		646FC53720753241008E0EDB /* LaunchScreen.storyboard in Resources */ = {isa = PBXBuildFile; fileRef = 646FC53520753241008E0EDB /* LaunchScreen.storyboard */; };
		EE8F71E51A6B51EFBFE3FF50 /* Pods_OpenStreetMapCompletionist.framework in Frameworks */ = {isa = PBXBuildFile; fileRef = D48C3638DBAC4E53FAAE2F9F /* Pods_OpenStreetMapCompletionist.framework */; };
/* End PBXBuildFile section */

/* Begin PBXCopyFilesBuildPhase section */
		645BF664207535AA002209CE /* Embed Frameworks */ = {
			isa = PBXCopyFilesBuildPhase;
			buildActionMask = 2147483647;
			dstPath = "";
			dstSubfolderSpec = 10;
			files = (
			);
			name = "Embed Frameworks";
			runOnlyForDeploymentPostprocessing = 0;
		};
/* End PBXCopyFilesBuildPhase section */

/* Begin PBXFileReference section */
		40B0783A00E1A7C6C48EA67E /* Pods-OpenStreetMapCompletionist.debug.xcconfig */ = {isa = PBXFileReference; includeInIndex = 1; lastKnownFileType = text.xcconfig; name = "Pods-OpenStreetMapCompletionist.debug.xcconfig"; path = "Pods/Target Support Files/Pods-OpenStreetMapCompletionist/Pods-OpenStreetMapCompletionist.debug.xcconfig"; sourceTree = "<group>"; };
		646FC52920753241008E0EDB /* OpenStreetMapCompletionist.app */ = {isa = PBXFileReference; explicitFileType = wrapper.application; includeInIndex = 0; path = OpenStreetMapCompletionist.app; sourceTree = BUILT_PRODUCTS_DIR; };
		646FC52C20753241008E0EDB /* AppDelegate.swift */ = {isa = PBXFileReference; lastKnownFileType = sourcecode.swift; path = AppDelegate.swift; sourceTree = "<group>"; };
		646FC53120753241008E0EDB /* Base */ = {isa = PBXFileReference; lastKnownFileType = file.storyboard; name = Base; path = Base.lproj/Main.storyboard; sourceTree = "<group>"; };
		646FC53320753241008E0EDB /* Assets.xcassets */ = {isa = PBXFileReference; lastKnownFileType = folder.assetcatalog; path = Assets.xcassets; sourceTree = "<group>"; };
		646FC53620753241008E0EDB /* Base */ = {isa = PBXFileReference; lastKnownFileType = file.storyboard; name = Base; path = Base.lproj/LaunchScreen.storyboard; sourceTree = "<group>"; };
		646FC53820753241008E0EDB /* Info.plist */ = {isa = PBXFileReference; lastKnownFileType = text.plist.xml; path = Info.plist; sourceTree = "<group>"; };
		A0A486E2F9A2224442B17492 /* Pods-OpenStreetMapCompletionist.release.xcconfig */ = {isa = PBXFileReference; includeInIndex = 1; lastKnownFileType = text.xcconfig; name = "Pods-OpenStreetMapCompletionist.release.xcconfig"; path = "Pods/Target Support Files/Pods-OpenStreetMapCompletionist/Pods-OpenStreetMapCompletionist.release.xcconfig"; sourceTree = "<group>"; };
		D48C3638DBAC4E53FAAE2F9F /* Pods_OpenStreetMapCompletionist.framework */ = {isa = PBXFileReference; explicitFileType = wrapper.framework; includeInIndex = 0; path = Pods_OpenStreetMapCompletionist.framework; sourceTree = BUILT_PRODUCTS_DIR; };
/* End PBXFileReference section */

/* Begin PBXFrameworksBuildPhase section */
		646FC52620753241008E0EDB /* Frameworks */ = {
			isa = PBXFrameworksBuildPhase;
			buildActionMask = 2147483647;
			files = (
				EE8F71E51A6B51EFBFE3FF50 /* Pods_OpenStreetMapCompletionist.framework in Frameworks */,
			);
			runOnlyForDeploymentPostprocessing = 0;
		};
/* End PBXFrameworksBuildPhase section */

/* Begin PBXGroup section */
		30309D1C17475C3F62A774E9 /* Frameworks */ = {
			isa = PBXGroup;
			children = (
				D48C3638DBAC4E53FAAE2F9F /* Pods_OpenStreetMapCompletionist.framework */,
			);
			name = Frameworks;
			sourceTree = "<group>";
		};
		55D60A47E0FAB71BC9739472 /* Pods */ = {
			isa = PBXGroup;
			children = (
				40B0783A00E1A7C6C48EA67E /* Pods-OpenStreetMapCompletionist.debug.xcconfig */,
				A0A486E2F9A2224442B17492 /* Pods-OpenStreetMapCompletionist.release.xcconfig */,
			);
			name = Pods;
			sourceTree = "<group>";
		};
		646FC52020753241008E0EDB = {
			isa = PBXGroup;
			children = (
				646FC52B20753241008E0EDB /* OpenStreetMapCompletionist */,
				646FC52A20753241008E0EDB /* Products */,
				55D60A47E0FAB71BC9739472 /* Pods */,
				30309D1C17475C3F62A774E9 /* Frameworks */,
			);
			sourceTree = "<group>";
		};
		646FC52A20753241008E0EDB /* Products */ = {
			isa = PBXGroup;
			children = (
				646FC52920753241008E0EDB /* OpenStreetMapCompletionist.app */,
			);
			name = Products;
			sourceTree = "<group>";
		};
		646FC52B20753241008E0EDB /* OpenStreetMapCompletionist */ = {
			isa = PBXGroup;
			children = (
				646FC52C20753241008E0EDB /* AppDelegate.swift */,
				646FC53020753241008E0EDB /* Main.storyboard */,
				646FC53320753241008E0EDB /* Assets.xcassets */,
				646FC53520753241008E0EDB /* LaunchScreen.storyboard */,
				646FC53820753241008E0EDB /* Info.plist */,
			);
			path = OpenStreetMapCompletionist;
			sourceTree = "<group>";
		};
/* End PBXGroup section */

/* Begin PBXNativeTarget section */
		646FC52820753241008E0EDB /* OpenStreetMapCompletionist */ = {
			isa = PBXNativeTarget;
			buildConfigurationList = 646FC53B20753241008E0EDB /* Build configuration list for PBXNativeTarget "OpenStreetMapCompletionist" */;
			buildPhases = (
				8993C4A44E8DFA19DEB24992 /* [CP] Check Pods Manifest.lock */,
				646FC52520753241008E0EDB /* Sources */,
				646FC52620753241008E0EDB /* Frameworks */,
				646FC52720753241008E0EDB /* Resources */,
				645BF664207535AA002209CE /* Embed Frameworks */,
				40776541A4D4B9FC2EEBC99F /* [CP] Embed Pods Frameworks */,
				26A292A39630BA6105E1DE53 /* [CP] Copy Pods Resources */,
			);
			buildRules = (
			);
			dependencies = (
			);
			name = OpenStreetMapCompletionist;
			productName = OpenStreetMapCompletionist;
			productReference = 646FC52920753241008E0EDB /* OpenStreetMapCompletionist.app */;
			productType = "com.apple.product-type.application";
		};
/* End PBXNativeTarget section */

/* Begin PBXProject section */
		646FC52120753241008E0EDB /* Project object */ = {
			isa = PBXProject;
			attributes = {
				LastSwiftUpdateCheck = 0920;
				LastUpgradeCheck = 0920;
				ORGANIZATIONNAME = "Wolfgang Timme";
				TargetAttributes = {
					646FC52820753241008E0EDB = {
						CreatedOnToolsVersion = 9.2;
						ProvisioningStyle = Automatic;
					};
				};
			};
			buildConfigurationList = 646FC52420753241008E0EDB /* Build configuration list for PBXProject "OpenStreetMapCompletionist" */;
			compatibilityVersion = "Xcode 8.0";
			developmentRegion = en;
			hasScannedForEncodings = 0;
			knownRegions = (
				en,
				Base,
			);
			mainGroup = 646FC52020753241008E0EDB;
			productRefGroup = 646FC52A20753241008E0EDB /* Products */;
			projectDirPath = "";
			projectRoot = "";
			targets = (
				646FC52820753241008E0EDB /* OpenStreetMapCompletionist */,
			);
		};
/* End PBXProject section */

/* Begin PBXResourcesBuildPhase section */
		646FC52720753241008E0EDB /* Resources */ = {
			isa = PBXResourcesBuildPhase;
			buildActionMask = 2147483647;
			files = (
				646FC53720753241008E0EDB /* LaunchScreen.storyboard in Resources */,
				646FC53420753241008E0EDB /* Assets.xcassets in Resources */,
				646FC53220753241008E0EDB /* Main.storyboard in Resources */,
			);
			runOnlyForDeploymentPostprocessing = 0;
		};
/* End PBXResourcesBuildPhase section */

/* Begin PBXShellScriptBuildPhase section */
		26A292A39630BA6105E1DE53 /* [CP] Copy Pods Resources */ = {
			isa = PBXShellScriptBuildPhase;
			buildActionMask = 2147483647;
			files = (
			);
			inputPaths = (
			);
			name = "[CP] Copy Pods Resources";
			outputPaths = (
			);
			runOnlyForDeploymentPostprocessing = 0;
			shellPath = /bin/sh;
			shellScript = "\"${SRCROOT}/Pods/Target Support Files/Pods-OpenStreetMapCompletionist/Pods-OpenStreetMapCompletionist-resources.sh\"\n";
			showEnvVarsInLog = 0;
		};
		40776541A4D4B9FC2EEBC99F /* [CP] Embed Pods Frameworks */ = {
			isa = PBXShellScriptBuildPhase;
			buildActionMask = 2147483647;
			files = (
			);
			inputPaths = (
				"${SRCROOT}/Pods/Target Support Files/Pods-OpenStreetMapCompletionist/Pods-OpenStreetMapCompletionist-frameworks.sh",
				"${BUILT_PRODUCTS_DIR}/AEXML/AEXML.framework",
				"${BUILT_PRODUCTS_DIR}/Alamofire/Alamofire.framework",
				"${BUILT_PRODUCTS_DIR}/SwiftOverpass/SwiftOverpass.framework",
			);
			name = "[CP] Embed Pods Frameworks";
			outputPaths = (
				"${TARGET_BUILD_DIR}/${FRAMEWORKS_FOLDER_PATH}/AEXML.framework",
				"${TARGET_BUILD_DIR}/${FRAMEWORKS_FOLDER_PATH}/Alamofire.framework",
				"${TARGET_BUILD_DIR}/${FRAMEWORKS_FOLDER_PATH}/SwiftOverpass.framework",
			);
			runOnlyForDeploymentPostprocessing = 0;
			shellPath = /bin/sh;
			shellScript = "\"${SRCROOT}/Pods/Target Support Files/Pods-OpenStreetMapCompletionist/Pods-OpenStreetMapCompletionist-frameworks.sh\"\n";
			showEnvVarsInLog = 0;
		};
		8993C4A44E8DFA19DEB24992 /* [CP] Check Pods Manifest.lock */ = {
			isa = PBXShellScriptBuildPhase;
			buildActionMask = 2147483647;
			files = (
			);
			inputPaths = (
				"${PODS_PODFILE_DIR_PATH}/Podfile.lock",
				"${PODS_ROOT}/Manifest.lock",
			);
			name = "[CP] Check Pods Manifest.lock";
			outputPaths = (
				"$(DERIVED_FILE_DIR)/Pods-OpenStreetMapCompletionist-checkManifestLockResult.txt",
			);
			runOnlyForDeploymentPostprocessing = 0;
			shellPath = /bin/sh;
			shellScript = "diff \"${PODS_PODFILE_DIR_PATH}/Podfile.lock\" \"${PODS_ROOT}/Manifest.lock\" > /dev/null\nif [ $? != 0 ] ; then\n    # print error to STDERR\n    echo \"error: The sandbox is not in sync with the Podfile.lock. Run 'pod install' or update your CocoaPods installation.\" >&2\n    exit 1\nfi\n# This output is used by Xcode 'outputs' to avoid re-running this script phase.\necho \"SUCCESS\" > \"${SCRIPT_OUTPUT_FILE_0}\"\n";
			showEnvVarsInLog = 0;
		};
/* End PBXShellScriptBuildPhase section */

/* Begin PBXSourcesBuildPhase section */
		646FC52520753241008E0EDB /* Sources */ = {
			isa = PBXSourcesBuildPhase;
			buildActionMask = 2147483647;
			files = (
				646FC52D20753241008E0EDB /* AppDelegate.swift in Sources */,
			);
			runOnlyForDeploymentPostprocessing = 0;
		};
/* End PBXSourcesBuildPhase section */

/* Begin PBXVariantGroup section */
		646FC53020753241008E0EDB /* Main.storyboard */ = {
			isa = PBXVariantGroup;
			children = (
				646FC53120753241008E0EDB /* Base */,
			);
			name = Main.storyboard;
			sourceTree = "<group>";
		};
		646FC53520753241008E0EDB /* LaunchScreen.storyboard */ = {
			isa = PBXVariantGroup;
			children = (
				646FC53620753241008E0EDB /* Base */,
			);
			name = LaunchScreen.storyboard;
			sourceTree = "<group>";
		};
/* End PBXVariantGroup section */

/* Begin XCBuildConfiguration section */
		646FC53920753241008E0EDB /* Debug */ = {
			isa = XCBuildConfiguration;
			buildSettings = {
				ALWAYS_SEARCH_USER_PATHS = NO;
				CLANG_ANALYZER_NONNULL = YES;
				CLANG_ANALYZER_NUMBER_OBJECT_CONVERSION = YES_AGGRESSIVE;
				CLANG_CXX_LANGUAGE_STANDARD = "gnu++14";
				CLANG_CXX_LIBRARY = "libc++";
				CLANG_ENABLE_MODULES = YES;
				CLANG_ENABLE_OBJC_ARC = YES;
				CLANG_WARN_BLOCK_CAPTURE_AUTORELEASING = YES;
				CLANG_WARN_BOOL_CONVERSION = YES;
				CLANG_WARN_COMMA = YES;
				CLANG_WARN_CONSTANT_CONVERSION = YES;
				CLANG_WARN_DIRECT_OBJC_ISA_USAGE = YES_ERROR;
				CLANG_WARN_DOCUMENTATION_COMMENTS = YES;
				CLANG_WARN_EMPTY_BODY = YES;
				CLANG_WARN_ENUM_CONVERSION = YES;
				CLANG_WARN_INFINITE_RECURSION = YES;
				CLANG_WARN_INT_CONVERSION = YES;
				CLANG_WARN_NON_LITERAL_NULL_CONVERSION = YES;
				CLANG_WARN_OBJC_LITERAL_CONVERSION = YES;
				CLANG_WARN_OBJC_ROOT_CLASS = YES_ERROR;
				CLANG_WARN_RANGE_LOOP_ANALYSIS = YES;
				CLANG_WARN_STRICT_PROTOTYPES = YES;
				CLANG_WARN_SUSPICIOUS_MOVE = YES;
				CLANG_WARN_UNGUARDED_AVAILABILITY = YES_AGGRESSIVE;
				CLANG_WARN_UNREACHABLE_CODE = YES;
				CLANG_WARN__DUPLICATE_METHOD_MATCH = YES;
				CODE_SIGN_IDENTITY = "iPhone Developer";
				COPY_PHASE_STRIP = NO;
				DEBUG_INFORMATION_FORMAT = dwarf;
				ENABLE_STRICT_OBJC_MSGSEND = YES;
				ENABLE_TESTABILITY = YES;
				GCC_C_LANGUAGE_STANDARD = gnu11;
				GCC_DYNAMIC_NO_PIC = NO;
				GCC_NO_COMMON_BLOCKS = YES;
				GCC_OPTIMIZATION_LEVEL = 0;
				GCC_PREPROCESSOR_DEFINITIONS = (
					"DEBUG=1",
					"$(inherited)",
				);
				GCC_WARN_64_TO_32_BIT_CONVERSION = YES;
				GCC_WARN_ABOUT_RETURN_TYPE = YES_ERROR;
				GCC_WARN_UNDECLARED_SELECTOR = YES;
				GCC_WARN_UNINITIALIZED_AUTOS = YES_AGGRESSIVE;
				GCC_WARN_UNUSED_FUNCTION = YES;
				GCC_WARN_UNUSED_VARIABLE = YES;
				IPHONEOS_DEPLOYMENT_TARGET = 11.2;
				MTL_ENABLE_DEBUG_INFO = YES;
				ONLY_ACTIVE_ARCH = YES;
				SDKROOT = iphoneos;
				SWIFT_ACTIVE_COMPILATION_CONDITIONS = DEBUG;
				SWIFT_OPTIMIZATION_LEVEL = "-Onone";
			};
			name = Debug;
		};
		646FC53A20753241008E0EDB /* Release */ = {
			isa = XCBuildConfiguration;
			buildSettings = {
				ALWAYS_SEARCH_USER_PATHS = NO;
				CLANG_ANALYZER_NONNULL = YES;
				CLANG_ANALYZER_NUMBER_OBJECT_CONVERSION = YES_AGGRESSIVE;
				CLANG_CXX_LANGUAGE_STANDARD = "gnu++14";
				CLANG_CXX_LIBRARY = "libc++";
				CLANG_ENABLE_MODULES = YES;
				CLANG_ENABLE_OBJC_ARC = YES;
				CLANG_WARN_BLOCK_CAPTURE_AUTORELEASING = YES;
				CLANG_WARN_BOOL_CONVERSION = YES;
				CLANG_WARN_COMMA = YES;
				CLANG_WARN_CONSTANT_CONVERSION = YES;
				CLANG_WARN_DIRECT_OBJC_ISA_USAGE = YES_ERROR;
				CLANG_WARN_DOCUMENTATION_COMMENTS = YES;
				CLANG_WARN_EMPTY_BODY = YES;
				CLANG_WARN_ENUM_CONVERSION = YES;
				CLANG_WARN_INFINITE_RECURSION = YES;
				CLANG_WARN_INT_CONVERSION = YES;
				CLANG_WARN_NON_LITERAL_NULL_CONVERSION = YES;
				CLANG_WARN_OBJC_LITERAL_CONVERSION = YES;
				CLANG_WARN_OBJC_ROOT_CLASS = YES_ERROR;
				CLANG_WARN_RANGE_LOOP_ANALYSIS = YES;
				CLANG_WARN_STRICT_PROTOTYPES = YES;
				CLANG_WARN_SUSPICIOUS_MOVE = YES;
				CLANG_WARN_UNGUARDED_AVAILABILITY = YES_AGGRESSIVE;
				CLANG_WARN_UNREACHABLE_CODE = YES;
				CLANG_WARN__DUPLICATE_METHOD_MATCH = YES;
				CODE_SIGN_IDENTITY = "iPhone Developer";
				COPY_PHASE_STRIP = NO;
				DEBUG_INFORMATION_FORMAT = "dwarf-with-dsym";
				ENABLE_NS_ASSERTIONS = NO;
				ENABLE_STRICT_OBJC_MSGSEND = YES;
				GCC_C_LANGUAGE_STANDARD = gnu11;
				GCC_NO_COMMON_BLOCKS = YES;
				GCC_WARN_64_TO_32_BIT_CONVERSION = YES;
				GCC_WARN_ABOUT_RETURN_TYPE = YES_ERROR;
				GCC_WARN_UNDECLARED_SELECTOR = YES;
				GCC_WARN_UNINITIALIZED_AUTOS = YES_AGGRESSIVE;
				GCC_WARN_UNUSED_FUNCTION = YES;
				GCC_WARN_UNUSED_VARIABLE = YES;
				IPHONEOS_DEPLOYMENT_TARGET = 11.2;
				MTL_ENABLE_DEBUG_INFO = NO;
				SDKROOT = iphoneos;
				SWIFT_OPTIMIZATION_LEVEL = "-Owholemodule";
				VALIDATE_PRODUCT = YES;
			};
			name = Release;
		};
		646FC53C20753241008E0EDB /* Debug */ = {
			isa = XCBuildConfiguration;
			baseConfigurationReference = 40B0783A00E1A7C6C48EA67E /* Pods-OpenStreetMapCompletionist.debug.xcconfig */;
			buildSettings = {
				ASSETCATALOG_COMPILER_APPICON_NAME = AppIcon;
				CODE_SIGN_STYLE = Automatic;
				INFOPLIST_FILE = OpenStreetMapCompletionist/Info.plist;
				LD_RUNPATH_SEARCH_PATHS = "$(inherited) @executable_path/Frameworks";
				PRODUCT_BUNDLE_IDENTIFIER = de.wtimme.OpenStreetMapCompletionist;
				PRODUCT_NAME = "$(TARGET_NAME)";
				SWIFT_VERSION = 4.0;
				TARGETED_DEVICE_FAMILY = "1,2";
			};
			name = Debug;
		};
		646FC53D20753241008E0EDB /* Release */ = {
			isa = XCBuildConfiguration;
			baseConfigurationReference = A0A486E2F9A2224442B17492 /* Pods-OpenStreetMapCompletionist.release.xcconfig */;
			buildSettings = {
				ASSETCATALOG_COMPILER_APPICON_NAME = AppIcon;
				CODE_SIGN_STYLE = Automatic;
				INFOPLIST_FILE = OpenStreetMapCompletionist/Info.plist;
				LD_RUNPATH_SEARCH_PATHS = "$(inherited) @executable_path/Frameworks";
				PRODUCT_BUNDLE_IDENTIFIER = de.wtimme.OpenStreetMapCompletionist;
				PRODUCT_NAME = "$(TARGET_NAME)";
				SWIFT_VERSION = 4.0;
				TARGETED_DEVICE_FAMILY = "1,2";
			};
			name = Release;
		};
/* End XCBuildConfiguration section */

/* Begin XCConfigurationList section */
		646FC52420753241008E0EDB /* Build configuration list for PBXProject "OpenStreetMapCompletionist" */ = {
			isa = XCConfigurationList;
			buildConfigurations = (
				646FC53920753241008E0EDB /* Debug */,
				646FC53A20753241008E0EDB /* Release */,
			);
			defaultConfigurationIsVisible = 0;
			defaultConfigurationName = Release;
		};
		646FC53B20753241008E0EDB /* Build configuration list for PBXNativeTarget "OpenStreetMapCompletionist" */ = {
			isa = XCConfigurationList;
			buildConfigurations = (
				646FC53C20753241008E0EDB /* Debug */,
				646FC53D20753241008E0EDB /* Release */,
			);
			defaultConfigurationIsVisible = 0;
			defaultConfigurationName = Release;
		};
/* End XCConfigurationList section */
	};
	rootObject = 646FC52120753241008E0EDB /* Project object */;
}
