// !$*UTF8*$!
{
	archiveVersion = 1;
	classes = {
	};
	objectVersion = 48;
	objects = {

/* Begin PBXBuildFile section */
		64019CAD207A1C90002CFEF1 /* Node.swift in Sources */ = {isa = PBXBuildFile; fileRef = 64019CAC207A1C90002CFEF1 /* Node.swift */; };
		64019CB1207A210B002CFEF1 /* NodeAnnotationView.swift in Sources */ = {isa = PBXBuildFile; fileRef = 64019CB0207A210B002CFEF1 /* NodeAnnotationView.swift */; };
		6435EE7B207BF5F600A97726 /* OAuthHandler.swift in Sources */ = {isa = PBXBuildFile; fileRef = 6435EE7A207BF5F600A97726 /* OAuthHandler.swift */; };
		6435EE7D207BFAEA00A97726 /* KeychainHandler.swift in Sources */ = {isa = PBXBuildFile; fileRef = 6435EE7C207BFAEA00A97726 /* KeychainHandler.swift */; };
		6435EE7F207C07CC00A97726 /* MenuFormViewController.swift in Sources */ = {isa = PBXBuildFile; fileRef = 6435EE7E207C07CC00A97726 /* MenuFormViewController.swift */; };
		6435EE81207C193F00A97726 /* Environment.swift in Sources */ = {isa = PBXBuildFile; fileRef = 6435EE80207C193F00A97726 /* Environment.swift */; };
		6435EE84207C257900A97726 /* OSMDataDownloadStrategy.swift in Sources */ = {isa = PBXBuildFile; fileRef = 6435EE83207C257900A97726 /* OSMDataDownloadStrategy.swift */; };
		6435EE86207C2DD500A97726 /* OSMTagProvider.swift in Sources */ = {isa = PBXBuildFile; fileRef = 6435EE85207C2DD500A97726 /* OSMTagProvider.swift */; };
		6435EE88207C2F4700A97726 /* taginfo-wiki.db in Resources */ = {isa = PBXBuildFile; fileRef = 6435EE87207C2F4700A97726 /* taginfo-wiki.db */; };
		6457007D20755D930061A81D /* MapViewController.swift in Sources */ = {isa = PBXBuildFile; fileRef = 6457007C20755D930061A81D /* MapViewController.swift */; };
		6457008020755DEE0061A81D /* MapViewModel.swift in Sources */ = {isa = PBXBuildFile; fileRef = 6457007F20755DEE0061A81D /* MapViewModel.swift */; };
		64570084207597990061A81D /* OverpassNodeAnnotation.swift in Sources */ = {isa = PBXBuildFile; fileRef = 64570083207597990061A81D /* OverpassNodeAnnotation.swift */; };
		645B7BF82078BDD7004FA7BF /* MapViewModelDelegateMock.swift in Sources */ = {isa = PBXBuildFile; fileRef = 645B7BF72078BDD7004FA7BF /* MapViewModelDelegateMock.swift */; };
		645B7C0520791DB8004FA7BF /* LocationProvider.swift in Sources */ = {isa = PBXBuildFile; fileRef = 645B7C0420791DB8004FA7BF /* LocationProvider.swift */; };
		645B7C0920792106004FA7BF /* NodeFormViewController.swift in Sources */ = {isa = PBXBuildFile; fileRef = 645B7C0820792106004FA7BF /* NodeFormViewController.swift */; };
		646FC52D20753241008E0EDB /* AppDelegate.swift in Sources */ = {isa = PBXBuildFile; fileRef = 646FC52C20753241008E0EDB /* AppDelegate.swift */; };
		646FC53220753241008E0EDB /* Main.storyboard in Resources */ = {isa = PBXBuildFile; fileRef = 646FC53020753241008E0EDB /* Main.storyboard */; };
		646FC53420753241008E0EDB /* Assets.xcassets in Resources */ = {isa = PBXBuildFile; fileRef = 646FC53320753241008E0EDB /* Assets.xcassets */; };
		646FC53720753241008E0EDB /* LaunchScreen.storyboard in Resources */ = {isa = PBXBuildFile; fileRef = 646FC53520753241008E0EDB /* LaunchScreen.storyboard */; };
		647C420A2076B7300002B068 /* MapViewModelTestCase.swift in Sources */ = {isa = PBXBuildFile; fileRef = 647C42092076B7300002B068 /* MapViewModelTestCase.swift */; };
		647C42102076B9BD0002B068 /* LocationProviderMock.swift in Sources */ = {isa = PBXBuildFile; fileRef = 647C420F2076B9BD0002B068 /* LocationProviderMock.swift */; };
		64822FE6207A248E003698AB /* UIColor+Palette.swift in Sources */ = {isa = PBXBuildFile; fileRef = 64822FE5207A248E003698AB /* UIColor+Palette.swift */; };
		649FE42E207FF713009F5137 /* TagListTableViewController.swift in Sources */ = {isa = PBXBuildFile; fileRef = 649FE42D207FF712009F5137 /* TagListTableViewController.swift */; };
		649FE43120800D31009F5137 /* UISearchBar+Loading.swift in Sources */ = {isa = PBXBuildFile; fileRef = 649FE43020800D31009F5137 /* UISearchBar+Loading.swift */; };
		649FE43320802A0A009F5137 /* TagListViewModel.swift in Sources */ = {isa = PBXBuildFile; fileRef = 649FE43220802A0A009F5137 /* TagListViewModel.swift */; };
		64FDDE3120793F29001428B3 /* OSMDataProviding.swift in Sources */ = {isa = PBXBuildFile; fileRef = 64FDDE3020793F29001428B3 /* OSMDataProviding.swift */; };
		64FDDE3320794557001428B3 /* OSMDataProviderMock.swift in Sources */ = {isa = PBXBuildFile; fileRef = 64FDDE3220794557001428B3 /* OSMDataProviderMock.swift */; };
		EE8F71E51A6B51EFBFE3FF50 /* Pods_OpenStreetMapCompletionist.framework in Frameworks */ = {isa = PBXBuildFile; fileRef = D48C3638DBAC4E53FAAE2F9F /* Pods_OpenStreetMapCompletionist.framework */; };
/* End PBXBuildFile section */

/* Begin PBXContainerItemProxy section */
		647C42022076B7110002B068 /* PBXContainerItemProxy */ = {
			isa = PBXContainerItemProxy;
			containerPortal = 646FC52120753241008E0EDB /* Project object */;
			proxyType = 1;
			remoteGlobalIDString = 646FC52820753241008E0EDB;
			remoteInfo = OpenStreetMapCompletionist;
		};
/* End PBXContainerItemProxy section */

/* Begin PBXCopyFilesBuildPhase section */
		645BF664207535AA002209CE /* Embed Frameworks */ = {
			isa = PBXCopyFilesBuildPhase;
			buildActionMask = 2147483647;
			dstPath = "";
			dstSubfolderSpec = 10;
			files = (
			);
			name = "Embed Frameworks";
			runOnlyForDeploymentPostprocessing = 0;
		};
/* End PBXCopyFilesBuildPhase section */

/* Begin PBXFileReference section */
		40B0783A00E1A7C6C48EA67E /* Pods-OpenStreetMapCompletionist.debug.xcconfig */ = {isa = PBXFileReference; includeInIndex = 1; lastKnownFileType = text.xcconfig; name = "Pods-OpenStreetMapCompletionist.debug.xcconfig"; path = "Pods/Target Support Files/Pods-OpenStreetMapCompletionist/Pods-OpenStreetMapCompletionist.debug.xcconfig"; sourceTree = "<group>"; };
		4C9A709A1EE0EDDF12BBD5CF /* Pods-AppAndTests-OpenStreetMapCompletionist.release.xcconfig */ = {isa = PBXFileReference; includeInIndex = 1; lastKnownFileType = text.xcconfig; name = "Pods-AppAndTests-OpenStreetMapCompletionist.release.xcconfig"; path = "Pods/Target Support Files/Pods-AppAndTests-OpenStreetMapCompletionist/Pods-AppAndTests-OpenStreetMapCompletionist.release.xcconfig"; sourceTree = "<group>"; };
		64019CAC207A1C90002CFEF1 /* Node.swift */ = {isa = PBXFileReference; lastKnownFileType = sourcecode.swift; path = Node.swift; sourceTree = "<group>"; };
		64019CB0207A210B002CFEF1 /* NodeAnnotationView.swift */ = {isa = PBXFileReference; lastKnownFileType = sourcecode.swift; path = NodeAnnotationView.swift; sourceTree = "<group>"; };
		6435EE7A207BF5F600A97726 /* OAuthHandler.swift */ = {isa = PBXFileReference; lastKnownFileType = sourcecode.swift; path = OAuthHandler.swift; sourceTree = "<group>"; };
		6435EE7C207BFAEA00A97726 /* KeychainHandler.swift */ = {isa = PBXFileReference; lastKnownFileType = sourcecode.swift; path = KeychainHandler.swift; sourceTree = "<group>"; };
		6435EE7E207C07CC00A97726 /* MenuFormViewController.swift */ = {isa = PBXFileReference; lastKnownFileType = sourcecode.swift; path = MenuFormViewController.swift; sourceTree = "<group>"; };
		6435EE80207C193F00A97726 /* Environment.swift */ = {isa = PBXFileReference; lastKnownFileType = sourcecode.swift; path = Environment.swift; sourceTree = "<group>"; };
		6435EE83207C257900A97726 /* OSMDataDownloadStrategy.swift */ = {isa = PBXFileReference; lastKnownFileType = sourcecode.swift; path = OSMDataDownloadStrategy.swift; sourceTree = "<group>"; };
		6435EE85207C2DD500A97726 /* OSMTagProvider.swift */ = {isa = PBXFileReference; lastKnownFileType = sourcecode.swift; path = OSMTagProvider.swift; sourceTree = "<group>"; };
		6435EE87207C2F4700A97726 /* taginfo-wiki.db */ = {isa = PBXFileReference; lastKnownFileType = file; path = "taginfo-wiki.db"; sourceTree = "<group>"; };
		6457007C20755D930061A81D /* MapViewController.swift */ = {isa = PBXFileReference; lastKnownFileType = sourcecode.swift; path = MapViewController.swift; sourceTree = "<group>"; };
		6457007F20755DEE0061A81D /* MapViewModel.swift */ = {isa = PBXFileReference; lastKnownFileType = sourcecode.swift; path = MapViewModel.swift; sourceTree = "<group>"; };
		645700812075743B0061A81D /* Hamburg Hbf.gpx */ = {isa = PBXFileReference; lastKnownFileType = text.xml; path = "Hamburg Hbf.gpx"; sourceTree = "<group>"; };
		64570083207597990061A81D /* OverpassNodeAnnotation.swift */ = {isa = PBXFileReference; lastKnownFileType = sourcecode.swift; path = OverpassNodeAnnotation.swift; sourceTree = "<group>"; };
		645B7BF72078BDD7004FA7BF /* MapViewModelDelegateMock.swift */ = {isa = PBXFileReference; lastKnownFileType = sourcecode.swift; path = MapViewModelDelegateMock.swift; sourceTree = "<group>"; };
		645B7C0420791DB8004FA7BF /* LocationProvider.swift */ = {isa = PBXFileReference; fileEncoding = 4; lastKnownFileType = sourcecode.swift; path = LocationProvider.swift; sourceTree = "<group>"; };
		645B7C0820792106004FA7BF /* NodeFormViewController.swift */ = {isa = PBXFileReference; lastKnownFileType = sourcecode.swift; path = NodeFormViewController.swift; sourceTree = "<group>"; };
		646FC52920753241008E0EDB /* OpenStreetMapCompletionist.app */ = {isa = PBXFileReference; explicitFileType = wrapper.application; includeInIndex = 0; path = OpenStreetMapCompletionist.app; sourceTree = BUILT_PRODUCTS_DIR; };
		646FC52C20753241008E0EDB /* AppDelegate.swift */ = {isa = PBXFileReference; lastKnownFileType = sourcecode.swift; path = AppDelegate.swift; sourceTree = "<group>"; };
		646FC53120753241008E0EDB /* Base */ = {isa = PBXFileReference; lastKnownFileType = file.storyboard; name = Base; path = Base.lproj/Main.storyboard; sourceTree = "<group>"; };
		646FC53320753241008E0EDB /* Assets.xcassets */ = {isa = PBXFileReference; lastKnownFileType = folder.assetcatalog; path = Assets.xcassets; sourceTree = "<group>"; };
		646FC53620753241008E0EDB /* Base */ = {isa = PBXFileReference; lastKnownFileType = file.storyboard; name = Base; path = Base.lproj/LaunchScreen.storyboard; sourceTree = "<group>"; };
		646FC53820753241008E0EDB /* Info.plist */ = {isa = PBXFileReference; lastKnownFileType = text.plist.xml; path = Info.plist; sourceTree = "<group>"; };
		647C41FD2076B7110002B068 /* OpenStreetMapCompletionistTests.xctest */ = {isa = PBXFileReference; explicitFileType = wrapper.cfbundle; includeInIndex = 0; path = OpenStreetMapCompletionistTests.xctest; sourceTree = BUILT_PRODUCTS_DIR; };
		647C42012076B7110002B068 /* Info.plist */ = {isa = PBXFileReference; lastKnownFileType = text.plist.xml; path = Info.plist; sourceTree = "<group>"; };
		647C42082076B7300002B068 /* OpenStreetMapCompletionistTests-Bridging-Header.h */ = {isa = PBXFileReference; lastKnownFileType = sourcecode.c.h; path = "OpenStreetMapCompletionistTests-Bridging-Header.h"; sourceTree = "<group>"; };
		647C42092076B7300002B068 /* MapViewModelTestCase.swift */ = {isa = PBXFileReference; lastKnownFileType = sourcecode.swift; path = MapViewModelTestCase.swift; sourceTree = "<group>"; };
		647C420F2076B9BD0002B068 /* LocationProviderMock.swift */ = {isa = PBXFileReference; lastKnownFileType = sourcecode.swift; path = LocationProviderMock.swift; sourceTree = "<group>"; };
		64822FE5207A248E003698AB /* UIColor+Palette.swift */ = {isa = PBXFileReference; lastKnownFileType = sourcecode.swift; path = "UIColor+Palette.swift"; sourceTree = "<group>"; };
		649FE42D207FF712009F5137 /* TagListTableViewController.swift */ = {isa = PBXFileReference; lastKnownFileType = sourcecode.swift; path = TagListTableViewController.swift; sourceTree = "<group>"; };
		649FE43020800D31009F5137 /* UISearchBar+Loading.swift */ = {isa = PBXFileReference; lastKnownFileType = sourcecode.swift; path = "UISearchBar+Loading.swift"; sourceTree = "<group>"; };
		649FE43220802A0A009F5137 /* TagListViewModel.swift */ = {isa = PBXFileReference; lastKnownFileType = sourcecode.swift; path = TagListViewModel.swift; sourceTree = "<group>"; };
		64FDDE3020793F29001428B3 /* OSMDataProviding.swift */ = {isa = PBXFileReference; lastKnownFileType = sourcecode.swift; path = OSMDataProviding.swift; sourceTree = "<group>"; };
		64FDDE3220794557001428B3 /* OSMDataProviderMock.swift */ = {isa = PBXFileReference; lastKnownFileType = sourcecode.swift; path = OSMDataProviderMock.swift; sourceTree = "<group>"; };
		88854F2F6C4D6DE5A04E06AB /* Pods-AppAndTests-OpenStreetMapCompletionist.debug.xcconfig */ = {isa = PBXFileReference; includeInIndex = 1; lastKnownFileType = text.xcconfig; name = "Pods-AppAndTests-OpenStreetMapCompletionist.debug.xcconfig"; path = "Pods/Target Support Files/Pods-AppAndTests-OpenStreetMapCompletionist/Pods-AppAndTests-OpenStreetMapCompletionist.debug.xcconfig"; sourceTree = "<group>"; };
		984939D46028388E429B1C8B /* Pods_OpenStreetMapCompletionistTests.framework */ = {isa = PBXFileReference; explicitFileType = wrapper.framework; includeInIndex = 0; path = Pods_OpenStreetMapCompletionistTests.framework; sourceTree = BUILT_PRODUCTS_DIR; };
		A0A486E2F9A2224442B17492 /* Pods-OpenStreetMapCompletionist.release.xcconfig */ = {isa = PBXFileReference; includeInIndex = 1; lastKnownFileType = text.xcconfig; name = "Pods-OpenStreetMapCompletionist.release.xcconfig"; path = "Pods/Target Support Files/Pods-OpenStreetMapCompletionist/Pods-OpenStreetMapCompletionist.release.xcconfig"; sourceTree = "<group>"; };
		B2C57E741881C31683B6B4A8 /* Pods_AppAndTests_OpenStreetMapCompletionist.framework */ = {isa = PBXFileReference; explicitFileType = wrapper.framework; includeInIndex = 0; path = Pods_AppAndTests_OpenStreetMapCompletionist.framework; sourceTree = BUILT_PRODUCTS_DIR; };
		D48C3638DBAC4E53FAAE2F9F /* Pods_OpenStreetMapCompletionist.framework */ = {isa = PBXFileReference; explicitFileType = wrapper.framework; includeInIndex = 0; path = Pods_OpenStreetMapCompletionist.framework; sourceTree = BUILT_PRODUCTS_DIR; };
/* End PBXFileReference section */

/* Begin PBXFrameworksBuildPhase section */
		646FC52620753241008E0EDB /* Frameworks */ = {
			isa = PBXFrameworksBuildPhase;
			buildActionMask = 2147483647;
			files = (
				EE8F71E51A6B51EFBFE3FF50 /* Pods_OpenStreetMapCompletionist.framework in Frameworks */,
			);
			runOnlyForDeploymentPostprocessing = 0;
		};
		647C41FA2076B7110002B068 /* Frameworks */ = {
			isa = PBXFrameworksBuildPhase;
			buildActionMask = 2147483647;
			files = (
			);
			runOnlyForDeploymentPostprocessing = 0;
		};
/* End PBXFrameworksBuildPhase section */

/* Begin PBXGroup section */
		30309D1C17475C3F62A774E9 /* Frameworks */ = {
			isa = PBXGroup;
			children = (
				D48C3638DBAC4E53FAAE2F9F /* Pods_OpenStreetMapCompletionist.framework */,
				B2C57E741881C31683B6B4A8 /* Pods_AppAndTests_OpenStreetMapCompletionist.framework */,
				984939D46028388E429B1C8B /* Pods_OpenStreetMapCompletionistTests.framework */,
			);
			name = Frameworks;
			sourceTree = "<group>";
		};
		55D60A47E0FAB71BC9739472 /* Pods */ = {
			isa = PBXGroup;
			children = (
				40B0783A00E1A7C6C48EA67E /* Pods-OpenStreetMapCompletionist.debug.xcconfig */,
				A0A486E2F9A2224442B17492 /* Pods-OpenStreetMapCompletionist.release.xcconfig */,
				88854F2F6C4D6DE5A04E06AB /* Pods-AppAndTests-OpenStreetMapCompletionist.debug.xcconfig */,
				4C9A709A1EE0EDDF12BBD5CF /* Pods-AppAndTests-OpenStreetMapCompletionist.release.xcconfig */,
			);
			name = Pods;
			sourceTree = "<group>";
		};
		64019CAA207A1C84002CFEF1 /* Overpass */ = {
			isa = PBXGroup;
			children = (
				64019CAB207A1C88002CFEF1 /* Models */,
			);
			path = Overpass;
			sourceTree = "<group>";
		};
		64019CAB207A1C88002CFEF1 /* Models */ = {
			isa = PBXGroup;
			children = (
				64019CAC207A1C90002CFEF1 /* Node.swift */,
				6435EE80207C193F00A97726 /* Environment.swift */,
			);
			path = Models;
			sourceTree = "<group>";
		};
		64019CAE207A2082002CFEF1 /* Views */ = {
			isa = PBXGroup;
			children = (
				64019CAF207A208D002CFEF1 /* Annotations */,
			);
			path = Views;
			sourceTree = "<group>";
		};
		64019CAF207A208D002CFEF1 /* Annotations */ = {
			isa = PBXGroup;
			children = (
				64019CB0207A210B002CFEF1 /* NodeAnnotationView.swift */,
			);
			path = Annotations;
			sourceTree = "<group>";
		};
		6457007B20755D730061A81D /* View Controllers */ = {
			isa = PBXGroup;
			children = (
				6457007C20755D930061A81D /* MapViewController.swift */,
				6435EE7E207C07CC00A97726 /* MenuFormViewController.swift */,
				645B7C0820792106004FA7BF /* NodeFormViewController.swift */,
				649FE42D207FF712009F5137 /* TagListTableViewController.swift */,
			);
			path = "View Controllers";
			sourceTree = "<group>";
		};
		6457007E20755DCF0061A81D /* View Models */ = {
			isa = PBXGroup;
			children = (
				6457007F20755DEE0061A81D /* MapViewModel.swift */,
				649FE43220802A0A009F5137 /* TagListViewModel.swift */,
			);
			path = "View Models";
			sourceTree = "<group>";
		};
		64570082207597880061A81D /* Annotations */ = {
			isa = PBXGroup;
			children = (
				64570083207597990061A81D /* OverpassNodeAnnotation.swift */,
			);
			path = Annotations;
			sourceTree = "<group>";
		};
		645B7C0320791DB8004FA7BF /* Data Providers */ = {
			isa = PBXGroup;
			children = (
				645B7C0420791DB8004FA7BF /* LocationProvider.swift */,
				64FDDE3020793F29001428B3 /* OSMDataProviding.swift */,
				6435EE7A207BF5F600A97726 /* OAuthHandler.swift */,
				6435EE7C207BFAEA00A97726 /* KeychainHandler.swift */,
				6435EE83207C257900A97726 /* OSMDataDownloadStrategy.swift */,
				6435EE85207C2DD500A97726 /* OSMTagProvider.swift */,
			);
			path = "Data Providers";
			sourceTree = "<group>";
		};
		646FC52020753241008E0EDB = {
			isa = PBXGroup;
			children = (
				646FC52B20753241008E0EDB /* OpenStreetMapCompletionist */,
				647C41FE2076B7110002B068 /* OpenStreetMapCompletionistTests */,
				646FC52A20753241008E0EDB /* Products */,
				55D60A47E0FAB71BC9739472 /* Pods */,
				30309D1C17475C3F62A774E9 /* Frameworks */,
			);
			sourceTree = "<group>";
		};
		646FC52A20753241008E0EDB /* Products */ = {
			isa = PBXGroup;
			children = (
				646FC52920753241008E0EDB /* OpenStreetMapCompletionist.app */,
				647C41FD2076B7110002B068 /* OpenStreetMapCompletionistTests.xctest */,
			);
			name = Products;
			sourceTree = "<group>";
		};
		646FC52B20753241008E0EDB /* OpenStreetMapCompletionist */ = {
			isa = PBXGroup;
			children = (
				64822FE3207A247D003698AB /* Extensions */,
				64019CAA207A1C84002CFEF1 /* Overpass */,
				645B7C0320791DB8004FA7BF /* Data Providers */,
				64570082207597880061A81D /* Annotations */,
				6457007E20755DCF0061A81D /* View Models */,
				6457007B20755D730061A81D /* View Controllers */,
				64019CAE207A2082002CFEF1 /* Views */,
				646FC52C20753241008E0EDB /* AppDelegate.swift */,
				646FC53020753241008E0EDB /* Main.storyboard */,
				646FC53320753241008E0EDB /* Assets.xcassets */,
				646FC53520753241008E0EDB /* LaunchScreen.storyboard */,
				646FC53820753241008E0EDB /* Info.plist */,
				645700812075743B0061A81D /* Hamburg Hbf.gpx */,
				6435EE87207C2F4700A97726 /* taginfo-wiki.db */,
			);
			path = OpenStreetMapCompletionist;
			sourceTree = "<group>";
		};
		647C41FE2076B7110002B068 /* OpenStreetMapCompletionistTests */ = {
			isa = PBXGroup;
			children = (
				647C420E2076B9AC0002B068 /* Mocks */,
				647C42072076B7190002B068 /* View Models */,
				647C42082076B7300002B068 /* OpenStreetMapCompletionistTests-Bridging-Header.h */,
				647C42012076B7110002B068 /* Info.plist */,
			);
			path = OpenStreetMapCompletionistTests;
			sourceTree = "<group>";
		};
		647C42072076B7190002B068 /* View Models */ = {
			isa = PBXGroup;
			children = (
				647C42092076B7300002B068 /* MapViewModelTestCase.swift */,
			);
			path = "View Models";
			sourceTree = "<group>";
		};
		647C420E2076B9AC0002B068 /* Mocks */ = {
			isa = PBXGroup;
			children = (
				647C420F2076B9BD0002B068 /* LocationProviderMock.swift */,
				645B7BF72078BDD7004FA7BF /* MapViewModelDelegateMock.swift */,
				64FDDE3220794557001428B3 /* OSMDataProviderMock.swift */,
			);
			path = Mocks;
			sourceTree = "<group>";
		};
		64822FE3207A247D003698AB /* Extensions */ = {
			isa = PBXGroup;
			children = (
				649FE42F20800D1F009F5137 /* UISearchBar */,
				64822FE4207A2482003698AB /* UIColor */,
			);
			path = Extensions;
			sourceTree = "<group>";
		};
		64822FE4207A2482003698AB /* UIColor */ = {
			isa = PBXGroup;
			children = (
				64822FE5207A248E003698AB /* UIColor+Palette.swift */,
			);
			path = UIColor;
			sourceTree = "<group>";
		};
		649FE42F20800D1F009F5137 /* UISearchBar */ = {
			isa = PBXGroup;
			children = (
				649FE43020800D31009F5137 /* UISearchBar+Loading.swift */,
			);
			path = UISearchBar;
			sourceTree = "<group>";
		};
/* End PBXGroup section */

/* Begin PBXNativeTarget section */
		646FC52820753241008E0EDB /* OpenStreetMapCompletionist */ = {
			isa = PBXNativeTarget;
			buildConfigurationList = 646FC53B20753241008E0EDB /* Build configuration list for PBXNativeTarget "OpenStreetMapCompletionist" */;
			buildPhases = (
				8993C4A44E8DFA19DEB24992 /* [CP] Check Pods Manifest.lock */,
				645B7BF92078C99C004FA7BF /* ShellScript */,
				646FC52520753241008E0EDB /* Sources */,
				646FC52620753241008E0EDB /* Frameworks */,
				646FC52720753241008E0EDB /* Resources */,
				645BF664207535AA002209CE /* Embed Frameworks */,
				40776541A4D4B9FC2EEBC99F /* [CP] Embed Pods Frameworks */,
			);
			buildRules = (
			);
			dependencies = (
			);
			name = OpenStreetMapCompletionist;
			productName = OpenStreetMapCompletionist;
			productReference = 646FC52920753241008E0EDB /* OpenStreetMapCompletionist.app */;
			productType = "com.apple.product-type.application";
		};
		647C41FC2076B7110002B068 /* OpenStreetMapCompletionistTests */ = {
			isa = PBXNativeTarget;
			buildConfigurationList = 647C42062076B7110002B068 /* Build configuration list for PBXNativeTarget "OpenStreetMapCompletionistTests" */;
			buildPhases = (
				647C41F92076B7110002B068 /* Sources */,
				647C41FA2076B7110002B068 /* Frameworks */,
				647C41FB2076B7110002B068 /* Resources */,
			);
			buildRules = (
			);
			dependencies = (
				647C42032076B7110002B068 /* PBXTargetDependency */,
			);
			name = OpenStreetMapCompletionistTests;
			productName = OpenStreetMapCompletionistTests;
			productReference = 647C41FD2076B7110002B068 /* OpenStreetMapCompletionistTests.xctest */;
			productType = "com.apple.product-type.bundle.unit-test";
		};
/* End PBXNativeTarget section */

/* Begin PBXProject section */
		646FC52120753241008E0EDB /* Project object */ = {
			isa = PBXProject;
			attributes = {
				LastSwiftUpdateCheck = 0930;
				LastUpgradeCheck = 0930;
				ORGANIZATIONNAME = "Wolfgang Timme";
				TargetAttributes = {
					646FC52820753241008E0EDB = {
						CreatedOnToolsVersion = 9.2;
						ProvisioningStyle = Automatic;
					};
					647C41FC2076B7110002B068 = {
						CreatedOnToolsVersion = 9.3;
						LastSwiftMigration = 0930;
						ProvisioningStyle = Automatic;
						TestTargetID = 646FC52820753241008E0EDB;
					};
				};
			};
			buildConfigurationList = 646FC52420753241008E0EDB /* Build configuration list for PBXProject "OpenStreetMapCompletionist" */;
			compatibilityVersion = "Xcode 8.0";
			developmentRegion = en;
			hasScannedForEncodings = 0;
			knownRegions = (
				en,
				Base,
			);
			mainGroup = 646FC52020753241008E0EDB;
			productRefGroup = 646FC52A20753241008E0EDB /* Products */;
			projectDirPath = "";
			projectRoot = "";
			targets = (
				646FC52820753241008E0EDB /* OpenStreetMapCompletionist */,
				647C41FC2076B7110002B068 /* OpenStreetMapCompletionistTests */,
			);
		};
/* End PBXProject section */

/* Begin PBXResourcesBuildPhase section */
		646FC52720753241008E0EDB /* Resources */ = {
			isa = PBXResourcesBuildPhase;
			buildActionMask = 2147483647;
			files = (
				6435EE88207C2F4700A97726 /* taginfo-wiki.db in Resources */,
				646FC53720753241008E0EDB /* LaunchScreen.storyboard in Resources */,
				646FC53420753241008E0EDB /* Assets.xcassets in Resources */,
				646FC53220753241008E0EDB /* Main.storyboard in Resources */,
			);
			runOnlyForDeploymentPostprocessing = 0;
		};
		647C41FB2076B7110002B068 /* Resources */ = {
			isa = PBXResourcesBuildPhase;
			buildActionMask = 2147483647;
			files = (
			);
			runOnlyForDeploymentPostprocessing = 0;
		};
/* End PBXResourcesBuildPhase section */

/* Begin PBXShellScriptBuildPhase section */
		40776541A4D4B9FC2EEBC99F /* [CP] Embed Pods Frameworks */ = {
			isa = PBXShellScriptBuildPhase;
			buildActionMask = 2147483647;
			files = (
			);
			inputPaths = (
				"${SRCROOT}/Pods/Target Support Files/Pods-OpenStreetMapCompletionist/Pods-OpenStreetMapCompletionist-frameworks.sh",
				"${BUILT_PRODUCTS_DIR}/AEXML/AEXML.framework",
				"${BUILT_PRODUCTS_DIR}/Alamofire/Alamofire.framework",
				"${BUILT_PRODUCTS_DIR}/Eureka/Eureka.framework",
				"${BUILT_PRODUCTS_DIR}/KeychainAccess/KeychainAccess.framework",
				"${BUILT_PRODUCTS_DIR}/OAuthSwift/OAuthSwift.framework",
				"${BUILT_PRODUCTS_DIR}/SQLite.swift/SQLite.framework",
				"${BUILT_PRODUCTS_DIR}/SwiftIcons/SwiftIcons.framework",
				"${BUILT_PRODUCTS_DIR}/SwiftLocation/SwiftLocation.framework",
				"${BUILT_PRODUCTS_DIR}/SwiftOverpass/SwiftOverpass.framework",
				"${BUILT_PRODUCTS_DIR}/SwiftyJSON/SwiftyJSON.framework",
			);
			name = "[CP] Embed Pods Frameworks";
			outputPaths = (
				"${TARGET_BUILD_DIR}/${FRAMEWORKS_FOLDER_PATH}/AEXML.framework",
				"${TARGET_BUILD_DIR}/${FRAMEWORKS_FOLDER_PATH}/Alamofire.framework",
				"${TARGET_BUILD_DIR}/${FRAMEWORKS_FOLDER_PATH}/Eureka.framework",
				"${TARGET_BUILD_DIR}/${FRAMEWORKS_FOLDER_PATH}/KeychainAccess.framework",
				"${TARGET_BUILD_DIR}/${FRAMEWORKS_FOLDER_PATH}/OAuthSwift.framework",
				"${TARGET_BUILD_DIR}/${FRAMEWORKS_FOLDER_PATH}/SQLite.framework",
				"${TARGET_BUILD_DIR}/${FRAMEWORKS_FOLDER_PATH}/SwiftIcons.framework",
				"${TARGET_BUILD_DIR}/${FRAMEWORKS_FOLDER_PATH}/SwiftLocation.framework",
				"${TARGET_BUILD_DIR}/${FRAMEWORKS_FOLDER_PATH}/SwiftOverpass.framework",
				"${TARGET_BUILD_DIR}/${FRAMEWORKS_FOLDER_PATH}/SwiftyJSON.framework",
			);
			runOnlyForDeploymentPostprocessing = 0;
			shellPath = /bin/sh;
			shellScript = "\"${SRCROOT}/Pods/Target Support Files/Pods-OpenStreetMapCompletionist/Pods-OpenStreetMapCompletionist-frameworks.sh\"\n";
			showEnvVarsInLog = 0;
		};
		645B7BF92078C99C004FA7BF /* ShellScript */ = {
			isa = PBXShellScriptBuildPhase;
			buildActionMask = 2147483647;
			files = (
			);
			inputPaths = (
			);
			outputPaths = (
			);
			runOnlyForDeploymentPostprocessing = 0;
			shellPath = /bin/sh;
			shellScript = "\"${PODS_ROOT}/SwiftFormat/CommandLineTool/swiftformat\" --disable \"sortedImports,trailingCommas\" \"${SRCROOT}/\" --exclude \"${PODS_ROOT}\" --wraparguments afterfirst";
		};
		8993C4A44E8DFA19DEB24992 /* [CP] Check Pods Manifest.lock */ = {
			isa = PBXShellScriptBuildPhase;
			buildActionMask = 2147483647;
			files = (
			);
			inputPaths = (
				"${PODS_PODFILE_DIR_PATH}/Podfile.lock",
				"${PODS_ROOT}/Manifest.lock",
			);
			name = "[CP] Check Pods Manifest.lock";
			outputPaths = (
				"$(DERIVED_FILE_DIR)/Pods-OpenStreetMapCompletionist-checkManifestLockResult.txt",
			);
			runOnlyForDeploymentPostprocessing = 0;
			shellPath = /bin/sh;
			shellScript = "diff \"${PODS_PODFILE_DIR_PATH}/Podfile.lock\" \"${PODS_ROOT}/Manifest.lock\" > /dev/null\nif [ $? != 0 ] ; then\n    # print error to STDERR\n    echo \"error: The sandbox is not in sync with the Podfile.lock. Run 'pod install' or update your CocoaPods installation.\" >&2\n    exit 1\nfi\n# This output is used by Xcode 'outputs' to avoid re-running this script phase.\necho \"SUCCESS\" > \"${SCRIPT_OUTPUT_FILE_0}\"\n";
			showEnvVarsInLog = 0;
		};
/* End PBXShellScriptBuildPhase section */

/* Begin PBXSourcesBuildPhase section */
		646FC52520753241008E0EDB /* Sources */ = {
			isa = PBXSourcesBuildPhase;
			buildActionMask = 2147483647;
			files = (
				6457007D20755D930061A81D /* MapViewController.swift in Sources */,
				646FC52D20753241008E0EDB /* AppDelegate.swift in Sources */,
				6435EE7F207C07CC00A97726 /* MenuFormViewController.swift in Sources */,
				6435EE81207C193F00A97726 /* Environment.swift in Sources */,
				6435EE7D207BFAEA00A97726 /* KeychainHandler.swift in Sources */,
				6435EE86207C2DD500A97726 /* OSMTagProvider.swift in Sources */,
				6457008020755DEE0061A81D /* MapViewModel.swift in Sources */,
				64019CAD207A1C90002CFEF1 /* Node.swift in Sources */,
				64019CB1207A210B002CFEF1 /* NodeAnnotationView.swift in Sources */,
				64570084207597990061A81D /* OverpassNodeAnnotation.swift in Sources */,
				645B7C0920792106004FA7BF /* NodeFormViewController.swift in Sources */,
				649FE43320802A0A009F5137 /* TagListViewModel.swift in Sources */,
				6435EE84207C257900A97726 /* OSMDataDownloadStrategy.swift in Sources */,
				649FE43120800D31009F5137 /* UISearchBar+Loading.swift in Sources */,
				64FDDE3120793F29001428B3 /* OSMDataProviding.swift in Sources */,
				645B7C0520791DB8004FA7BF /* LocationProvider.swift in Sources */,
				64822FE6207A248E003698AB /* UIColor+Palette.swift in Sources */,
				649FE42E207FF713009F5137 /* TagListTableViewController.swift in Sources */,
				6435EE7B207BF5F600A97726 /* OAuthHandler.swift in Sources */,
			);
			runOnlyForDeploymentPostprocessing = 0;
		};
		647C41F92076B7110002B068 /* Sources */ = {
			isa = PBXSourcesBuildPhase;
			buildActionMask = 2147483647;
			files = (
				645B7BF82078BDD7004FA7BF /* MapViewModelDelegateMock.swift in Sources */,
				647C420A2076B7300002B068 /* MapViewModelTestCase.swift in Sources */,
				64FDDE3320794557001428B3 /* OSMDataProviderMock.swift in Sources */,
				647C42102076B9BD0002B068 /* LocationProviderMock.swift in Sources */,
			);
			runOnlyForDeploymentPostprocessing = 0;
		};
/* End PBXSourcesBuildPhase section */

/* Begin PBXTargetDependency section */
		647C42032076B7110002B068 /* PBXTargetDependency */ = {
			isa = PBXTargetDependency;
			target = 646FC52820753241008E0EDB /* OpenStreetMapCompletionist */;
			targetProxy = 647C42022076B7110002B068 /* PBXContainerItemProxy */;
		};
/* End PBXTargetDependency section */

/* Begin PBXVariantGroup section */
		646FC53020753241008E0EDB /* Main.storyboard */ = {
			isa = PBXVariantGroup;
			children = (
				646FC53120753241008E0EDB /* Base */,
			);
			name = Main.storyboard;
			sourceTree = "<group>";
		};
		646FC53520753241008E0EDB /* LaunchScreen.storyboard */ = {
			isa = PBXVariantGroup;
			children = (
				646FC53620753241008E0EDB /* Base */,
			);
			name = LaunchScreen.storyboard;
			sourceTree = "<group>";
		};
/* End PBXVariantGroup section */

/* Begin XCBuildConfiguration section */
		646FC53920753241008E0EDB /* Debug */ = {
			isa = XCBuildConfiguration;
			buildSettings = {
				ALWAYS_SEARCH_USER_PATHS = NO;
				CLANG_ANALYZER_NONNULL = YES;
				CLANG_ANALYZER_NUMBER_OBJECT_CONVERSION = YES_AGGRESSIVE;
				CLANG_CXX_LANGUAGE_STANDARD = "gnu++14";
				CLANG_CXX_LIBRARY = "libc++";
				CLANG_ENABLE_MODULES = YES;
				CLANG_ENABLE_OBJC_ARC = YES;
				CLANG_WARN_BLOCK_CAPTURE_AUTORELEASING = YES;
				CLANG_WARN_BOOL_CONVERSION = YES;
				CLANG_WARN_COMMA = YES;
				CLANG_WARN_CONSTANT_CONVERSION = YES;
				CLANG_WARN_DEPRECATED_OBJC_IMPLEMENTATIONS = YES;
				CLANG_WARN_DIRECT_OBJC_ISA_USAGE = YES_ERROR;
				CLANG_WARN_DOCUMENTATION_COMMENTS = YES;
				CLANG_WARN_EMPTY_BODY = YES;
				CLANG_WARN_ENUM_CONVERSION = YES;
				CLANG_WARN_INFINITE_RECURSION = YES;
				CLANG_WARN_INT_CONVERSION = YES;
				CLANG_WARN_NON_LITERAL_NULL_CONVERSION = YES;
				CLANG_WARN_OBJC_IMPLICIT_RETAIN_SELF = YES;
				CLANG_WARN_OBJC_LITERAL_CONVERSION = YES;
				CLANG_WARN_OBJC_ROOT_CLASS = YES_ERROR;
				CLANG_WARN_RANGE_LOOP_ANALYSIS = YES;
				CLANG_WARN_STRICT_PROTOTYPES = YES;
				CLANG_WARN_SUSPICIOUS_MOVE = YES;
				CLANG_WARN_UNGUARDED_AVAILABILITY = YES_AGGRESSIVE;
				CLANG_WARN_UNREACHABLE_CODE = YES;
				CLANG_WARN__DUPLICATE_METHOD_MATCH = YES;
				CODE_SIGN_IDENTITY = "iPhone Developer";
				COPY_PHASE_STRIP = NO;
				DEBUG_INFORMATION_FORMAT = dwarf;
				ENABLE_STRICT_OBJC_MSGSEND = YES;
				ENABLE_TESTABILITY = YES;
				GCC_C_LANGUAGE_STANDARD = gnu11;
				GCC_DYNAMIC_NO_PIC = NO;
				GCC_NO_COMMON_BLOCKS = YES;
				GCC_OPTIMIZATION_LEVEL = 0;
				GCC_PREPROCESSOR_DEFINITIONS = (
					"DEBUG=1",
					"$(inherited)",
				);
				GCC_WARN_64_TO_32_BIT_CONVERSION = YES;
				GCC_WARN_ABOUT_RETURN_TYPE = YES_ERROR;
				GCC_WARN_UNDECLARED_SELECTOR = YES;
				GCC_WARN_UNINITIALIZED_AUTOS = YES_AGGRESSIVE;
				GCC_WARN_UNUSED_FUNCTION = YES;
				GCC_WARN_UNUSED_VARIABLE = YES;
				IPHONEOS_DEPLOYMENT_TARGET = 11.2;
				MTL_ENABLE_DEBUG_INFO = YES;
				ONLY_ACTIVE_ARCH = YES;
				SDKROOT = iphoneos;
				SWIFT_ACTIVE_COMPILATION_CONDITIONS = DEBUG;
				SWIFT_OPTIMIZATION_LEVEL = "-Onone";
			};
			name = Debug;
		};
		646FC53A20753241008E0EDB /* Release */ = {
			isa = XCBuildConfiguration;
			buildSettings = {
				ALWAYS_SEARCH_USER_PATHS = NO;
				CLANG_ANALYZER_NONNULL = YES;
				CLANG_ANALYZER_NUMBER_OBJECT_CONVERSION = YES_AGGRESSIVE;
				CLANG_CXX_LANGUAGE_STANDARD = "gnu++14";
				CLANG_CXX_LIBRARY = "libc++";
				CLANG_ENABLE_MODULES = YES;
				CLANG_ENABLE_OBJC_ARC = YES;
				CLANG_WARN_BLOCK_CAPTURE_AUTORELEASING = YES;
				CLANG_WARN_BOOL_CONVERSION = YES;
				CLANG_WARN_COMMA = YES;
				CLANG_WARN_CONSTANT_CONVERSION = YES;
				CLANG_WARN_DEPRECATED_OBJC_IMPLEMENTATIONS = YES;
				CLANG_WARN_DIRECT_OBJC_ISA_USAGE = YES_ERROR;
				CLANG_WARN_DOCUMENTATION_COMMENTS = YES;
				CLANG_WARN_EMPTY_BODY = YES;
				CLANG_WARN_ENUM_CONVERSION = YES;
				CLANG_WARN_INFINITE_RECURSION = YES;
				CLANG_WARN_INT_CONVERSION = YES;
				CLANG_WARN_NON_LITERAL_NULL_CONVERSION = YES;
				CLANG_WARN_OBJC_IMPLICIT_RETAIN_SELF = YES;
				CLANG_WARN_OBJC_LITERAL_CONVERSION = YES;
				CLANG_WARN_OBJC_ROOT_CLASS = YES_ERROR;
				CLANG_WARN_RANGE_LOOP_ANALYSIS = YES;
				CLANG_WARN_STRICT_PROTOTYPES = YES;
				CLANG_WARN_SUSPICIOUS_MOVE = YES;
				CLANG_WARN_UNGUARDED_AVAILABILITY = YES_AGGRESSIVE;
				CLANG_WARN_UNREACHABLE_CODE = YES;
				CLANG_WARN__DUPLICATE_METHOD_MATCH = YES;
				CODE_SIGN_IDENTITY = "iPhone Developer";
				COPY_PHASE_STRIP = NO;
				DEBUG_INFORMATION_FORMAT = "dwarf-with-dsym";
				ENABLE_NS_ASSERTIONS = NO;
				ENABLE_STRICT_OBJC_MSGSEND = YES;
				GCC_C_LANGUAGE_STANDARD = gnu11;
				GCC_NO_COMMON_BLOCKS = YES;
				GCC_WARN_64_TO_32_BIT_CONVERSION = YES;
				GCC_WARN_ABOUT_RETURN_TYPE = YES_ERROR;
				GCC_WARN_UNDECLARED_SELECTOR = YES;
				GCC_WARN_UNINITIALIZED_AUTOS = YES_AGGRESSIVE;
				GCC_WARN_UNUSED_FUNCTION = YES;
				GCC_WARN_UNUSED_VARIABLE = YES;
				IPHONEOS_DEPLOYMENT_TARGET = 11.2;
				MTL_ENABLE_DEBUG_INFO = NO;
				SDKROOT = iphoneos;
				SWIFT_OPTIMIZATION_LEVEL = "-Owholemodule";
				VALIDATE_PRODUCT = YES;
			};
			name = Release;
		};
		646FC53C20753241008E0EDB /* Debug */ = {
			isa = XCBuildConfiguration;
			baseConfigurationReference = 40B0783A00E1A7C6C48EA67E /* Pods-OpenStreetMapCompletionist.debug.xcconfig */;
			buildSettings = {
				ASSETCATALOG_COMPILER_APPICON_NAME = AppIcon;
				CODE_SIGN_STYLE = Automatic;
				DEVELOPMENT_TEAM = CH829V2QQB;
				INFOPLIST_FILE = OpenStreetMapCompletionist/Info.plist;
				LD_RUNPATH_SEARCH_PATHS = "$(inherited) @executable_path/Frameworks";
				PRODUCT_BUNDLE_IDENTIFIER = de.wtimme.OpenStreetMapCompletionist;
				PRODUCT_NAME = "$(TARGET_NAME)";
				SWIFT_VERSION = 4.0;
				TARGETED_DEVICE_FAMILY = "1,2";
			};
			name = Debug;
		};
		646FC53D20753241008E0EDB /* Release */ = {
			isa = XCBuildConfiguration;
			baseConfigurationReference = A0A486E2F9A2224442B17492 /* Pods-OpenStreetMapCompletionist.release.xcconfig */;
			buildSettings = {
				ASSETCATALOG_COMPILER_APPICON_NAME = AppIcon;
				CODE_SIGN_STYLE = Automatic;
				DEVELOPMENT_TEAM = CH829V2QQB;
				INFOPLIST_FILE = OpenStreetMapCompletionist/Info.plist;
				LD_RUNPATH_SEARCH_PATHS = "$(inherited) @executable_path/Frameworks";
				PRODUCT_BUNDLE_IDENTIFIER = de.wtimme.OpenStreetMapCompletionist;
				PRODUCT_NAME = "$(TARGET_NAME)";
				SWIFT_VERSION = 4.0;
				TARGETED_DEVICE_FAMILY = "1,2";
			};
			name = Release;
		};
		647C42042076B7110002B068 /* Debug */ = {
			isa = XCBuildConfiguration;
			buildSettings = {
				BUNDLE_LOADER = "$(TEST_HOST)";
				CLANG_ENABLE_MODULES = YES;
				CLANG_ENABLE_OBJC_WEAK = YES;
				CODE_SIGN_STYLE = Automatic;
				INFOPLIST_FILE = OpenStreetMapCompletionistTests/Info.plist;
				IPHONEOS_DEPLOYMENT_TARGET = 11.3;
				LD_RUNPATH_SEARCH_PATHS = "$(inherited) @executable_path/Frameworks @loader_path/Frameworks";
				PRODUCT_BUNDLE_IDENTIFIER = de.wtimme.OpenStreetMapCompletionistTests;
				PRODUCT_NAME = "$(TARGET_NAME)";
				SWIFT_OBJC_BRIDGING_HEADER = "OpenStreetMapCompletionistTests/OpenStreetMapCompletionistTests-Bridging-Header.h";
				SWIFT_OPTIMIZATION_LEVEL = "-Onone";
				SWIFT_VERSION = 4.0;
				TARGETED_DEVICE_FAMILY = "1,2";
				TEST_HOST = "$(BUILT_PRODUCTS_DIR)/OpenStreetMapCompletionist.app/OpenStreetMapCompletionist";
			};
			name = Debug;
		};
		647C42052076B7110002B068 /* Release */ = {
			isa = XCBuildConfiguration;
			buildSettings = {
				BUNDLE_LOADER = "$(TEST_HOST)";
				CLANG_ENABLE_MODULES = YES;
				CLANG_ENABLE_OBJC_WEAK = YES;
				CODE_SIGN_STYLE = Automatic;
				INFOPLIST_FILE = OpenStreetMapCompletionistTests/Info.plist;
				IPHONEOS_DEPLOYMENT_TARGET = 11.3;
				LD_RUNPATH_SEARCH_PATHS = "$(inherited) @executable_path/Frameworks @loader_path/Frameworks";
				PRODUCT_BUNDLE_IDENTIFIER = de.wtimme.OpenStreetMapCompletionistTests;
				PRODUCT_NAME = "$(TARGET_NAME)";
				SWIFT_OBJC_BRIDGING_HEADER = "OpenStreetMapCompletionistTests/OpenStreetMapCompletionistTests-Bridging-Header.h";
				SWIFT_VERSION = 4.0;
				TARGETED_DEVICE_FAMILY = "1,2";
				TEST_HOST = "$(BUILT_PRODUCTS_DIR)/OpenStreetMapCompletionist.app/OpenStreetMapCompletionist";
			};
			name = Release;
		};
/* End XCBuildConfiguration section */

/* Begin XCConfigurationList section */
		646FC52420753241008E0EDB /* Build configuration list for PBXProject "OpenStreetMapCompletionist" */ = {
			isa = XCConfigurationList;
			buildConfigurations = (
				646FC53920753241008E0EDB /* Debug */,
				646FC53A20753241008E0EDB /* Release */,
			);
			defaultConfigurationIsVisible = 0;
			defaultConfigurationName = Release;
		};
		646FC53B20753241008E0EDB /* Build configuration list for PBXNativeTarget "OpenStreetMapCompletionist" */ = {
			isa = XCConfigurationList;
			buildConfigurations = (
				646FC53C20753241008E0EDB /* Debug */,
				646FC53D20753241008E0EDB /* Release */,
			);
			defaultConfigurationIsVisible = 0;
			defaultConfigurationName = Release;
		};
		647C42062076B7110002B068 /* Build configuration list for PBXNativeTarget "OpenStreetMapCompletionistTests" */ = {
			isa = XCConfigurationList;
			buildConfigurations = (
				647C42042076B7110002B068 /* Debug */,
				647C42052076B7110002B068 /* Release */,
			);
			defaultConfigurationIsVisible = 0;
			defaultConfigurationName = Release;
		};
/* End XCConfigurationList section */
	};
	rootObject = 646FC52120753241008E0EDB /* Project object */;
}
